{
  "version": 4,
  "terraform_version": "1.15.2",
  "serial": 10,
  "lineage": "38e46a61-47d8-0ed5-63dc-a938a8b0d4b0",
  "outputs": {
    "ecr_repository_url": {
      "value": "332779204498.dkr.ecr.eu-west-2.amazonaws.com/bellosdata-pipelines",
      "type": "string"
    },
    "lambda_function_name": {
      "value": "ledger-cloud-api",
      "type": "string"
    },
    "ledger_api_url": {
      "value": "https://ma7f88lv45.execute-api.eu-west-2.amazonaws.com",
      "type": "string"
    }
  },
  "resources": [
    {
      "mode": "data",
      "type": "archive_file",
      "name": "ledger_api_zip",
      "provider": "provider[\"registry.terraform.io/hashicorp/archive\"]",
      "instances": [
        {
          "schema_version": 0,
          "attributes": {
            "exclude_symlink_directories": null,
            "excludes": null,
            "id": "94417de00629771672877e3a133aba799aa81f1c",
            "output_base64sha256": "ZuXqFLeeGu1GlTMfDPcouB0gPYQJExcNCVbZiH9asYo=",
            "output_base64sha512": "3UTbvVaUf6Zz6ZYFKa+7yPdaSz0xKd7H52BTIKLiT27mo68pFoxkUIuDVkdYgkcmGepyZLj1OZk65O62B6RQ8g==",
            "output_file_mode": null,
            "output_md5": "02aa9967056016e8e4f36097b286cebd",
            "output_path": "./../lambda/ledger_api.zip",
            "output_sha": "94417de00629771672877e3a133aba799aa81f1c",
            "output_sha256": "66e5ea14b79e1aed4695331f0cf728b81d203d840913170d0956d9887f5ab18a",
            "output_sha512": "dd44dbbd56947fa673e9960529afbbc8f75a4b3d3129dec7e7605320a2e24f6ee6a3af29168c64508b8356475882472619ea7264b8f539993ae4eeb607a450f2",
            "output_size": 1485,
            "source": [],
            "source_content": null,
            "source_content_filename": null,
            "source_dir": null,
            "source_file": "./../lambda/ledger_api.py",
            "type": "zip"
          },
          "sensitive_attributes": [],
          "identity_schema_version": 0
        }
      ]
    },
    {
      "mode": "managed",
      "type": "aws_apigatewayv2_api",
      "name": "ledger_api",
      "provider": "provider[\"registry.terraform.io/hashicorp/aws\"]",
      "instances": [
        {
          "schema_version": 0,
          "attributes": {
            "api_endpoint": "https://ma7f88lv45.execute-api.eu-west-2.amazonaws.com",
            "api_key_selection_expression": "$request.header.x-api-key",
            "arn": "arn:aws:apigateway:eu-west-2::/apis/ma7f88lv45",
            "body": null,
            "cors_configuration": [],
            "credentials_arn": null,
            "description": "Merchant Ledger Cloud API — The Light That Never Goes Out",
            "disable_execute_api_endpoint": false,
            "execution_arn": "arn:aws:execute-api:eu-west-2:332779204498:ma7f88lv45",
            "fail_on_warnings": null,
            "id": "ma7f88lv45",
            "ip_address_type": "ipv4",
            "name": "ledger-cloud-api",
            "protocol_type": "HTTP",
            "region": "eu-west-2",
            "route_key": null,
            "route_selection_expression": "$request.method $request.path",
            "tags": null,
            "tags_all": {},
            "target": null,
            "version": ""
          },
          "sensitive_attributes": [],
          "identity_schema_version": 0,
          "identity": {
            "account_id": "332779204498",
            "id": "ma7f88lv45",
            "region": "eu-west-2"
          },
          "private": "bnVsbA=="
        }
      ]
    },
    {
      "mode": "managed",
      "type": "aws_apigatewayv2_stage",
      "name": "ledger_default",
      "provider": "provider[\"registry.terraform.io/hashicorp/aws\"]",
      "instances": [
        {
          "schema_version": 0,
          "attributes": {
            "access_log_settings": [],
            "api_id": "ma7f88lv45",
            "arn": "arn:aws:apigateway:eu-west-2::/apis/ma7f88lv45/stages/$default",
            "auto_deploy": true,
            "client_certificate_id": "",
            "default_route_settings": [
              {
                "data_trace_enabled": false,
                "detailed_metrics_enabled": false,
                "logging_level": "",
                "throttling_burst_limit": 0,
                "throttling_rate_limit": 0
              }
            ],
            "deployment_id": "",
            "description": "",
            "execution_arn": "arn:aws:execute-api:eu-west-2:332779204498:ma7f88lv45/$default",
            "id": "$default",
            "invoke_url": "https://ma7f88lv45.execute-api.eu-west-2.amazonaws.com/",
            "name": "$default",
            "region": "eu-west-2",
            "route_settings": [],
            "stage_variables": null,
            "tags": null,
            "tags_all": {}
          },
          "sensitive_attributes": [],
          "identity_schema_version": 0,
          "private": "bnVsbA==",
          "dependencies": [
            "aws_apigatewayv2_api.ledger_api"
          ]
        }
      ]
    },
    {
      "mode": "managed",
      "type": "aws_cloudwatch_log_group",
      "name": "ecs_log_group",
      "provider": "provider[\"registry.terraform.io/hashicorp/aws\"]",
      "instances": [
        {
          "schema_version": 0,
          "attributes": {
            "arn": "arn:aws:logs:eu-west-2:332779204498:log-group:/ecs/bellosdata-pipeline",
            "deletion_protection_enabled": false,
            "id": "/ecs/bellosdata-pipeline",
            "kms_key_id": "",
            "log_group_class": "STANDARD",
            "name": "/ecs/bellosdata-pipeline",
            "name_prefix": "",
            "region": "eu-west-2",
            "retention_in_days": 7,
            "skip_destroy": false,
            "tags": null,
            "tags_all": {}
          },
          "sensitive_attributes": [],
          "identity_schema_version": 0,
          "identity": {
            "account_id": "332779204498",
            "name": "/ecs/bellosdata-pipeline",
            "region": "eu-west-2"
          },
          "private": "bnVsbA=="
        }
      ]
    },
    {
      "mode": "managed",
      "type": "aws_cloudwatch_log_group",
      "name": "ledger_api_logs",
      "provider": "provider[\"registry.terraform.io/hashicorp/aws\"]",
      "instances": [
        {
          "schema_version": 0,
          "attributes": {
            "arn": "arn:aws:logs:eu-west-2:332779204498:log-group:/aws/lambda/ledger-cloud-api",
            "deletion_protection_enabled": false,
            "id": "/aws/lambda/ledger-cloud-api",
            "kms_key_id": "",
            "log_group_class": "STANDARD",
            "name": "/aws/lambda/ledger-cloud-api",
            "name_prefix": "",
            "region": "eu-west-2",
            "retention_in_days": 7,
            "skip_destroy": false,
            "tags": null,
            "tags_all": {}
          },
          "sensitive_attributes": [],
          "identity_schema_version": 0,
          "identity": {
            "account_id": "332779204498",
            "name": "/aws/lambda/ledger-cloud-api",
            "region": "eu-west-2"
          },
          "private": "bnVsbA=="
        }
      ]
    },
    {
      "mode": "managed",
      "type": "aws_ecr_repository",
      "name": "data_pipelines",
      "provider": "provider[\"registry.terraform.io/hashicorp/aws\"]",
      "instances": [
        {
          "schema_version": 0,
          "attributes": {
            "arn": "arn:aws:ecr:eu-west-2:332779204498:repository/bellosdata-pipelines",
            "encryption_configuration": [
              {
                "encryption_type": "AES256",
                "kms_key": ""
              }
            ],
            "force_delete": null,
            "id": "bellosdata-pipelines",
            "image_scanning_configuration": [
              {
                "scan_on_push": true
              }
            ],
            "image_tag_mutability": "MUTABLE",
            "image_tag_mutability_exclusion_filter": [],
            "name": "bellosdata-pipelines",
            "region": "eu-west-2",
            "registry_id": "332779204498",
            "repository_url": "332779204498.dkr.ecr.eu-west-2.amazonaws.com/bellosdata-pipelines",
            "tags": null,
            "tags_all": {},
            "timeouts": null
          },
          "sensitive_attributes": [],
          "identity_schema_version": 0,
          "identity": {
            "account_id": "332779204498",
            "name": "bellosdata-pipelines",
            "region": "eu-west-2"
          },
          "private": "eyJlMmJmYjczMC1lY2FhLTExZTYtOGY4OC0zNDM2M2JjN2M0YzAiOnsiZGVsZXRlIjoxMjAwMDAwMDAwMDAwfX0="
        }
      ]
    },
    {
      "mode": "managed",
      "type": "aws_ecs_cluster",
      "name": "bellosdata_cluster",
      "provider": "provider[\"registry.terraform.io/hashicorp/aws\"]",
      "instances": [
        {
          "schema_version": 0,
          "attributes": {
            "arn": "arn:aws:ecs:eu-west-2:332779204498:cluster/bellosdata-cluster",
            "configuration": [],
            "id": "arn:aws:ecs:eu-west-2:332779204498:cluster/bellosdata-cluster",
            "name": "bellosdata-cluster",
            "region": "eu-west-2",
            "service_connect_defaults": [],
            "setting": [
              {
                "name": "containerInsights",
                "value": "disabled"
              }
            ],
            "tags": null,
            "tags_all": {}
          },
          "sensitive_attributes": [],
          "identity_schema_version": 0,
          "private": "bnVsbA=="
        }
      ]
    },
    {
      "mode": "managed",
      "type": "aws_iam_role",
      "name": "ledger_api_role",
      "provider": "provider[\"registry.terraform.io/hashicorp/aws\"]",
      "instances": [
        {
          "status": "tainted",
          "schema_version": 0,
          "attributes": {
            "arn": "arn:aws:iam::332779204498:role/ledger-cloud-api-role",
            "assume_role_policy": "{\"Statement\":[{\"Action\":\"sts:AssumeRole\",\"Effect\":\"Allow\",\"Principal\":{\"Service\":\"lambda.amazonaws.com\"}}],\"Version\":\"2012-10-17\"}",
            "create_date": "2026-05-15T17:57:41Z",
            "description": "",
            "force_detach_policies": false,
            "id": "ledger-cloud-api-role",
            "inline_policy": [],
            "managed_policy_arns": [],
            "max_session_duration": 3600,
            "name": "ledger-cloud-api-role",
            "name_prefix": "",
            "path": "/",
            "permissions_boundary": "",
            "tags": null,
            "tags_all": null,
            "unique_id": "AROAU26ZPV6JP74CFCSYL"
          },
          "sensitive_attributes": [],
          "identity_schema_version": 0,
          "private": "bnVsbA=="
        }
      ]
    }
  ],
  "check_results": null
}
